
Microsoft Visual Studio Solution File, Format Version 12.00
# Visual Studio Version 17
VisualStudioVersion = 17.9.34728.123
MinimumVisualStudioVersion = 10.0.40219.1
Project("{9A19103F-16F7-4668-BE54-9A1E7A4F7556}") = "BrightLauncher", "BrightLauncher\BrightLauncher.csproj", "{7A4484F5-72A4-422B-99FA-7FFCB6F677B7}"
EndProject
Project("{9A19103F-16F7-4668-BE54-9A1E7A4F7556}") = "BrightLauncher.Desktop", "BrightLauncher.Desktop\BrightLauncher.Desktop.csproj", "{1BE41C3E-EBC0-4F2B-A2F9-02C3EF91B5C9}"
EndProject
Project("{FAE04EC0-301F-11D3-BF4B-00C04F79EFBC}") = "OnlineList", "OnlineList\OnlineList.csproj", "{C9484817-7B1A-47D0-804A-309A22B95CBB}"
EndProject
Global
	GlobalSection(SolutionConfigurationPlatforms) = preSolution
		Debug|Any CPU = Debug|Any CPU
		Release|Any CPU = Release|Any CPU
	EndGlobalSection
	GlobalSection(ProjectConfigurationPlatforms) = postSolution
		{7A4484F5-72A4-422B-99FA-7FFCB6F677B7}.Debug|Any CPU.ActiveCfg = Debug|Any CPU
		{7A4484F5-72A4-422B-99FA-7FFCB6F677B7}.Debug|Any CPU.Build.0 = Debug|Any CPU
		{7A4484F5-72A4-422B-99FA-7FFCB6F677B7}.Release|Any CPU.ActiveCfg = Release|Any CPU
		{7A4484F5-72A4-422B-99FA-7FFCB6F677B7}.Release|Any CPU.Build.0 = Release|Any CPU
		{1BE41C3E-EBC0-4F2B-A2F9-02C3EF91B5C9}.Debug|Any CPU.ActiveCfg = Debug|Any CPU
		{1BE41C3E-EBC0-4F2B-A2F9-02C3EF91B5C9}.Debug|Any CPU.Build.0 = Debug|Any CPU
		{1BE41C3E-EBC0-4F2B-A2F9-02C3EF91B5C9}.Release|Any CPU.ActiveCfg = Release|Any CPU
		{1BE41C3E-EBC0-4F2B-A2F9-02C3EF91B5C9}.Release|Any CPU.Build.0 = Release|Any CPU
		{C9484817-7B1A-47D0-804A-309A22B95CBB}.Debug|Any CPU.ActiveCfg = Debug|Any CPU
		{C9484817-7B1A-47D0-804A-309A22B95CBB}.Debug|Any CPU.Build.0 = Debug|Any CPU
		{C9484817-7B1A-47D0-804A-309A22B95CBB}.Release|Any CPU.ActiveCfg = Release|Any CPU
		{C9484817-7B1A-47D0-804A-309A22B95CBB}.Release|Any CPU.Build.0 = Release|Any CPU
	EndGlobalSection
	GlobalSection(SolutionProperties) = preSolution
		HideSolutionNode = FALSE
	EndGlobalSection
	GlobalSection(ExtensibilityGlobals) = postSolution
		SolutionGuid = {606B79BC-9FE3-4ADF-AECF-8C4C90A95F54}
	EndGlobalSection
EndGlobal
